
Microsoft Visual Studio Solution File, Format Version 12.00
# Visual Studio Version 17
VisualStudioVersion = 17.14.37314.3
MinimumVisualStudioVersion = 10.0.40219.1
Project("{FAE04EC0-301F-11D3-BF4B-00C04F79EFBC}") = "BuildIT2026_Graph.API", "BuildIT2026_Graph.API\BuildIT2026_Graph.API.csproj", "{368A79D0-F8BB-462B-9AFC-C75784A7BF65}"
EndProject
Project("{FAE04EC0-301F-11D3-BF4B-00C04F79EFBC}") = "BuildIT2026_Graph.Core", "BuildIT2026_Graph.Core\BuildIT2026_Graph.Core.csproj", "{1693BE7B-C192-4C6A-AF16-677A6685060B}"
EndProject
Project("{FAE04EC0-301F-11D3-BF4B-00C04F79EFBC}") = "BuildIT_2026.Graph.Console", "BuildIT_2026.Graph.Console\BuildIT_2026.Graph.Console.csproj", "{F7F9166F-1C74-4651-B862-0669F25EB4ED}"
EndProject
Global
	GlobalSection(SolutionConfigurationPlatforms) = preSolution
		Debug|Any CPU = Debug|Any CPU
		Release|Any CPU = Release|Any CPU
	EndGlobalSection
	GlobalSection(ProjectConfigurationPlatforms) = postSolution
		{368A79D0-F8BB-462B-9AFC-C75784A7BF65}.Debug|Any CPU.ActiveCfg = Debug|Any CPU
		{368A79D0-F8BB-462B-9AFC-C75784A7BF65}.Debug|Any CPU.Build.0 = Debug|Any CPU
		{368A79D0-F8BB-462B-9AFC-C75784A7BF65}.Release|Any CPU.ActiveCfg = Release|Any CPU
		{368A79D0-F8BB-462B-9AFC-C75784A7BF65}.Release|Any CPU.Build.0 = Release|Any CPU
		{1693BE7B-C192-4C6A-AF16-677A6685060B}.Debug|Any CPU.ActiveCfg = Debug|Any CPU
		{1693BE7B-C192-4C6A-AF16-677A6685060B}.Debug|Any CPU.Build.0 = Debug|Any CPU
		{1693BE7B-C192-4C6A-AF16-677A6685060B}.Release|Any CPU.ActiveCfg = Release|Any CPU
		{1693BE7B-C192-4C6A-AF16-677A6685060B}.Release|Any CPU.Build.0 = Release|Any CPU
		{F7F9166F-1C74-4651-B862-0669F25EB4ED}.Debug|Any CPU.ActiveCfg = Debug|Any CPU
		{F7F9166F-1C74-4651-B862-0669F25EB4ED}.Debug|Any CPU.Build.0 = Debug|Any CPU
		{F7F9166F-1C74-4651-B862-0669F25EB4ED}.Release|Any CPU.ActiveCfg = Release|Any CPU
		{F7F9166F-1C74-4651-B862-0669F25EB4ED}.Release|Any CPU.Build.0 = Release|Any CPU
	EndGlobalSection
	GlobalSection(SolutionProperties) = preSolution
		HideSolutionNode = FALSE
	EndGlobalSection
	GlobalSection(ExtensibilityGlobals) = postSolution
		SolutionGuid = {3BD1C8D1-B1BA-4FD2-9990-46F90208DE7B}
	EndGlobalSection
EndGlobal
